
Microsoft Visual Studio Solution File, Format Version 12.00
# Visual Studio Version 16
VisualStudioVersion = 16.0.30523.141
MinimumVisualStudioVersion = 10.0.40219.1
Project("{FAE04EC0-301F-11D3-BF4B-00C04F79EFBC}") = "PRINCIPAL", "PRINCIPAL\PRINCIPAL.csproj", "{E600BC3A-88FE-4AB4-9E8B-281561DB8BD5}"
EndProject
Project("{FAE04EC0-301F-11D3-BF4B-00C04F79EFBC}") = "GDD.VISTA", "GDD.VISTA\GDD.VISTA.csproj", "{AAD43604-63A1-4229-9517-8A6A36BE5EB7}"
EndProject
Project("{FAE04EC0-301F-11D3-BF4B-00C04F79EFBC}") = "GDD.MODELO", "GDD.MODELO\GDD.MODELO.csproj", "{A193DB83-9D50-4B3D-9CF6-0B3141540F1F}"
EndProject
Project("{FAE04EC0-301F-11D3-BF4B-00C04F79EFBC}") = "GDD.CONTROL", "GDD.CONTROL\GDD.CONTROL.csproj", "{8902C764-1C18-4A4D-A292-429A3A2E9B32}"
EndProject
Global
	GlobalSection(SolutionConfigurationPlatforms) = preSolution
		Debug|Any CPU = Debug|Any CPU
		Release|Any CPU = Release|Any CPU
	EndGlobalSection
	GlobalSection(ProjectConfigurationPlatforms) = postSolution
		{E600BC3A-88FE-4AB4-9E8B-281561DB8BD5}.Debug|Any CPU.ActiveCfg = Debug|Any CPU
		{E600BC3A-88FE-4AB4-9E8B-281561DB8BD5}.Debug|Any CPU.Build.0 = Debug|Any CPU
		{E600BC3A-88FE-4AB4-9E8B-281561DB8BD5}.Release|Any CPU.ActiveCfg = Release|Any CPU
		{E600BC3A-88FE-4AB4-9E8B-281561DB8BD5}.Release|Any CPU.Build.0 = Release|Any CPU
		{AAD43604-63A1-4229-9517-8A6A36BE5EB7}.Debug|Any CPU.ActiveCfg = Debug|Any CPU
		{AAD43604-63A1-4229-9517-8A6A36BE5EB7}.Debug|Any CPU.Build.0 = Debug|Any CPU
		{AAD43604-63A1-4229-9517-8A6A36BE5EB7}.Release|Any CPU.ActiveCfg = Release|Any CPU
		{AAD43604-63A1-4229-9517-8A6A36BE5EB7}.Release|Any CPU.Build.0 = Release|Any CPU
		{A193DB83-9D50-4B3D-9CF6-0B3141540F1F}.Debug|Any CPU.ActiveCfg = Debug|Any CPU
		{A193DB83-9D50-4B3D-9CF6-0B3141540F1F}.Debug|Any CPU.Build.0 = Debug|Any CPU
		{A193DB83-9D50-4B3D-9CF6-0B3141540F1F}.Release|Any CPU.ActiveCfg = Release|Any CPU
		{A193DB83-9D50-4B3D-9CF6-0B3141540F1F}.Release|Any CPU.Build.0 = Release|Any CPU
		{8902C764-1C18-4A4D-A292-429A3A2E9B32}.Debug|Any CPU.ActiveCfg = Debug|Any CPU
		{8902C764-1C18-4A4D-A292-429A3A2E9B32}.Debug|Any CPU.Build.0 = Debug|Any CPU
		{8902C764-1C18-4A4D-A292-429A3A2E9B32}.Release|Any CPU.ActiveCfg = Release|Any CPU
		{8902C764-1C18-4A4D-A292-429A3A2E9B32}.Release|Any CPU.Build.0 = Release|Any CPU
	EndGlobalSection
	GlobalSection(SolutionProperties) = preSolution
		HideSolutionNode = FALSE
	EndGlobalSection
	GlobalSection(ExtensibilityGlobals) = postSolution
		SolutionGuid = {0A798B29-23B8-44F6-AEFC-088173CE7D2F}
	EndGlobalSection
EndGlobal
